
Microsoft Visual Studio Solution File, Format Version 12.00
Project("{FAE04EC0-301F-11D3-BF4B-00C04F79EFBC}") = "HW4", "HW4\HW4.csproj", "{FD31DCBD-E1B2-4166-9B9C-99B356A7986E}"
EndProject
Global
	GlobalSection(SolutionConfigurationPlatforms) = preSolution
		Debug|Any CPU = Debug|Any CPU
		Release|Any CPU = Release|Any CPU
	EndGlobalSection
	GlobalSection(ProjectConfigurationPlatforms) = postSolution
		{FD31DCBD-E1B2-4166-9B9C-99B356A7986E}.Debug|Any CPU.ActiveCfg = Debug|Any CPU
		{FD31DCBD-E1B2-4166-9B9C-99B356A7986E}.Debug|Any CPU.Build.0 = Debug|Any CPU
		{FD31DCBD-E1B2-4166-9B9C-99B356A7986E}.Release|Any CPU.ActiveCfg = Release|Any CPU
		{FD31DCBD-E1B2-4166-9B9C-99B356A7986E}.Release|Any CPU.Build.0 = Release|Any CPU
	EndGlobalSection
EndGlobal
